
Microsoft Visual Studio Solution File, Format Version 12.00
# Visual Studio Version 16
VisualStudioVersion = 16.0.28729.10
MinimumVisualStudioVersion = 10.0.40219.1
Project("{8BC9CEB8-8B4A-11D0-8D11-00A0C91BC942}") = "Union_AlterDamage", "Union_AlterDamage\Union_AlterDamage.vcxproj", "{464C8B85-FC34-4A1D-A3BD-20A42CA31731}"
EndProject
Project("{8BC9CEB8-8B4A-11D0-8D11-00A0C91BC942}") = "Union_SpellFix", "Union_SpellFix\Union_SpellFix.vcxproj", "{FDB9FEE9-B601-4F8F-B81E-740871FBEE53}"
EndProject
Project("{8BC9CEB8-8B4A-11D0-8D11-00A0C91BC942}") = "Union_SavesBackuper", "Union_SavesBackuper\Union_SavesBackuper.vcxproj", "{CFE48BE4-BD9A-43B9-934F-48436EF9D616}"
EndProject
Project("{8BC9CEB8-8B4A-11D0-8D11-00A0C91BC942}") = "Union_MiscUtils", "Union_MiscUtils\Union_MiscUtils.vcxproj", "{C338E4F9-DC69-4531-AF6F-1585A9EE0BC0}"
EndProject
Project("{8BC9CEB8-8B4A-11D0-8D11-00A0C91BC942}") = "Union_TorchHotkey", "Union_TorchHotkey\Union_TorchHotkey.vcxproj", "{F660EE88-4E4E-4060-95C9-B985AFF9B1C8}"
EndProject
Project("{8BC9CEB8-8B4A-11D0-8D11-00A0C91BC942}") = "Union_NoFocusFix", "Union_NoFocusFix\Union_NoFocusFix.vcxproj", "{F10DA0BB-24D4-4FC7-9F36-DC0C7DF5D348}"
EndProject
Project("{8BC9CEB8-8B4A-11D0-8D11-00A0C91BC942}") = "Union_QuickLoot", "Union_QuickLoot\Union_QuickLoot.vcxproj", "{34E2313F-B925-4328-96D0-959618746041}"
EndProject
Project("{8BC9CEB8-8B4A-11D0-8D11-00A0C91BC942}") = "Union_VerifyPlugins", "Union_VerifyPlugins\Union_VerifyPlugins.vcxproj", "{A49ED409-948E-4767-B2F5-9D98E6DA569B}"
EndProject
Project("{8BC9CEB8-8B4A-11D0-8D11-00A0C91BC942}") = "Union_OdysseeCrutches", "Union_OdysseeCrutches\Union_OdysseeCrutches.vcxproj", "{AD3EF6D7-4932-4CAD-BC08-5E97D9EE0EE5}"
EndProject
Project("{8BC9CEB8-8B4A-11D0-8D11-00A0C91BC942}") = "Union_TimedOverlays", "Union_TimedOverlays\Union_TimedOverlays.vcxproj", "{AD245ECC-4ADB-424B-9720-AE3CCE71AF86}"
EndProject
Project("{8BC9CEB8-8B4A-11D0-8D11-00A0C91BC942}") = "Union_Exp", "Union_Exp\Union_Exp.vcxproj", "{E49DBC87-7F7D-412B-A73C-778B9A4644B9}"
EndProject
Project("{8BC9CEB8-8B4A-11D0-8D11-00A0C91BC942}") = "Union_Cheats", "Union_Cheats\Union_Cheats.vcxproj", "{E76BE97B-4C78-40B7-A769-EE4C99ED6553}"
EndProject
Global
	GlobalSection(SolutionConfigurationPlatforms) = preSolution
		Debug|x86 = Debug|x86
		G1 Debug|x86 = G1 Debug|x86
		G1 Release|x86 = G1 Release|x86
		G1A Debug|x86 = G1A Debug|x86
		G1A Release|x86 = G1A Release|x86
		G2 Debug|x86 = G2 Debug|x86
		G2 Release|x86 = G2 Release|x86
		G2A Debug|x86 = G2A Debug|x86
		G2A Release|x86 = G2A Release|x86
		Release|x86 = Release|x86
		Smith Unnamed Debug|x86 = Smith Unnamed Debug|x86
	EndGlobalSection
	GlobalSection(ProjectConfigurationPlatforms) = postSolution
		{464C8B85-FC34-4A1D-A3BD-20A42CA31731}.Debug|x86.ActiveCfg = Debug|Win32
		{464C8B85-FC34-4A1D-A3BD-20A42CA31731}.Debug|x86.Build.0 = Debug|Win32
		{464C8B85-FC34-4A1D-A3BD-20A42CA31731}.G1 Debug|x86.ActiveCfg = G1 Debug|Win32
		{464C8B85-FC34-4A1D-A3BD-20A42CA31731}.G1 Debug|x86.Build.0 = G1 Debug|Win32
		{464C8B85-FC34-4A1D-A3BD-20A42CA31731}.G1 Release|x86.ActiveCfg = G1 Release|Win32
		{464C8B85-FC34-4A1D-A3BD-20A42CA31731}.G1 Release|x86.Build.0 = G1 Release|Win32
		{464C8B85-FC34-4A1D-A3BD-20A42CA31731}.G1A Debug|x86.ActiveCfg = G1A Debug|Win32
		{464C8B85-FC34-4A1D-A3BD-20A42CA31731}.G1A Debug|x86.Build.0 = G1A Debug|Win32
		{464C8B85-FC34-4A1D-A3BD-20A42CA31731}.G1A Release|x86.ActiveCfg = G1A Release|Win32
		{464C8B85-FC34-4A1D-A3BD-20A42CA31731}.G1A Release|x86.Build.0 = G1A Release|Win32
		{464C8B85-FC34-4A1D-A3BD-20A42CA31731}.G2 Debug|x86.ActiveCfg = G2 Debug|Win32
		{464C8B85-FC34-4A1D-A3BD-20A42CA31731}.G2 Debug|x86.Build.0 = G2 Debug|Win32
		{464C8B85-FC34-4A1D-A3BD-20A42CA31731}.G2 Release|x86.ActiveCfg = G2 Release|Win32
		{464C8B85-FC34-4A1D-A3BD-20A42CA31731}.G2 Release|x86.Build.0 = G2 Release|Win32
		{464C8B85-FC34-4A1D-A3BD-20A42CA31731}.G2A Debug|x86.ActiveCfg = G2A Debug|Win32
		{464C8B85-FC34-4A1D-A3BD-20A42CA31731}.G2A Debug|x86.Build.0 = G2A Debug|Win32
		{464C8B85-FC34-4A1D-A3BD-20A42CA31731}.G2A Release|x86.ActiveCfg = G2A Release|Win32
		{464C8B85-FC34-4A1D-A3BD-20A42CA31731}.G2A Release|x86.Build.0 = G2A Release|Win32
		{464C8B85-FC34-4A1D-A3BD-20A42CA31731}.Release|x86.ActiveCfg = Release|Win32
		{464C8B85-FC34-4A1D-A3BD-20A42CA31731}.Release|x86.Build.0 = Release|Win32
		{464C8B85-FC34-4A1D-A3BD-20A42CA31731}.Smith Unnamed Debug|x86.ActiveCfg = Smith Unnamed Debug|Win32
		{464C8B85-FC34-4A1D-A3BD-20A42CA31731}.Smith Unnamed Debug|x86.Build.0 = Smith Unnamed Debug|Win32
		{FDB9FEE9-B601-4F8F-B81E-740871FBEE53}.Debug|x86.ActiveCfg = Debug|Win32
		{FDB9FEE9-B601-4F8F-B81E-740871FBEE53}.Debug|x86.Build.0 = Debug|Win32
		{FDB9FEE9-B601-4F8F-B81E-740871FBEE53}.G1 Debug|x86.ActiveCfg = G1 Debug|Win32
		{FDB9FEE9-B601-4F8F-B81E-740871FBEE53}.G1 Debug|x86.Build.0 = G1 Debug|Win32
		{FDB9FEE9-B601-4F8F-B81E-740871FBEE53}.G1 Release|x86.ActiveCfg = G1 Release|Win32
		{FDB9FEE9-B601-4F8F-B81E-740871FBEE53}.G1 Release|x86.Build.0 = G1 Release|Win32
		{FDB9FEE9-B601-4F8F-B81E-740871FBEE53}.G1A Debug|x86.ActiveCfg = G1A Debug|Win32
		{FDB9FEE9-B601-4F8F-B81E-740871FBEE53}.G1A Debug|x86.Build.0 = G1A Debug|Win32
		{FDB9FEE9-B601-4F8F-B81E-740871FBEE53}.G1A Release|x86.ActiveCfg = G1A Release|Win32
		{FDB9FEE9-B601-4F8F-B81E-740871FBEE53}.G1A Release|x86.Build.0 = G1A Release|Win32
		{FDB9FEE9-B601-4F8F-B81E-740871FBEE53}.G2 Debug|x86.ActiveCfg = G2 Debug|Win32
		{FDB9FEE9-B601-4F8F-B81E-740871FBEE53}.G2 Debug|x86.Build.0 = G2 Debug|Win32
		{FDB9FEE9-B601-4F8F-B81E-740871FBEE53}.G2 Release|x86.ActiveCfg = G2 Release|Win32
		{FDB9FEE9-B601-4F8F-B81E-740871FBEE53}.G2 Release|x86.Build.0 = G2 Release|Win32
		{FDB9FEE9-B601-4F8F-B81E-740871FBEE53}.G2A Debug|x86.ActiveCfg = G2A Debug|Win32
		{FDB9FEE9-B601-4F8F-B81E-740871FBEE53}.G2A Debug|x86.Build.0 = G2A Debug|Win32
		{FDB9FEE9-B601-4F8F-B81E-740871FBEE53}.G2A Release|x86.ActiveCfg = G2A Release|Win32
		{FDB9FEE9-B601-4F8F-B81E-740871FBEE53}.G2A Release|x86.Build.0 = G2A Release|Win32
		{FDB9FEE9-B601-4F8F-B81E-740871FBEE53}.Release|x86.ActiveCfg = Release|Win32
		{FDB9FEE9-B601-4F8F-B81E-740871FBEE53}.Release|x86.Build.0 = Release|Win32
		{FDB9FEE9-B601-4F8F-B81E-740871FBEE53}.Smith Unnamed Debug|x86.ActiveCfg = Debug|Win32
		{CFE48BE4-BD9A-43B9-934F-48436EF9D616}.Debug|x86.ActiveCfg = Debug|Win32
		{CFE48BE4-BD9A-43B9-934F-48436EF9D616}.Debug|x86.Build.0 = Debug|Win32
		{CFE48BE4-BD9A-43B9-934F-48436EF9D616}.G1 Debug|x86.ActiveCfg = G1 Debug|Win32
		{CFE48BE4-BD9A-43B9-934F-48436EF9D616}.G1 Debug|x86.Build.0 = G1 Debug|Win32
		{CFE48BE4-BD9A-43B9-934F-48436EF9D616}.G1 Release|x86.ActiveCfg = G1 Release|Win32
		{CFE48BE4-BD9A-43B9-934F-48436EF9D616}.G1 Release|x86.Build.0 = G1 Release|Win32
		{CFE48BE4-BD9A-43B9-934F-48436EF9D616}.G1A Debug|x86.ActiveCfg = G1A Debug|Win32
		{CFE48BE4-BD9A-43B9-934F-48436EF9D616}.G1A Debug|x86.Build.0 = G1A Debug|Win32
		{CFE48BE4-BD9A-43B9-934F-48436EF9D616}.G1A Release|x86.ActiveCfg = G1A Release|Win32
		{CFE48BE4-BD9A-43B9-934F-48436EF9D616}.G1A Release|x86.Build.0 = G1A Release|Win32
		{CFE48BE4-BD9A-43B9-934F-48436EF9D616}.G2 Debug|x86.ActiveCfg = G2 Debug|Win32
		{CFE48BE4-BD9A-43B9-934F-48436EF9D616}.G2 Debug|x86.Build.0 = G2 Debug|Win32
		{CFE48BE4-BD9A-43B9-934F-48436EF9D616}.G2 Release|x86.ActiveCfg = G2 Release|Win32
		{CFE48BE4-BD9A-43B9-934F-48436EF9D616}.G2 Release|x86.Build.0 = G2 Release|Win32
		{CFE48BE4-BD9A-43B9-934F-48436EF9D616}.G2A Debug|x86.ActiveCfg = G2A Debug|Win32
		{CFE48BE4-BD9A-43B9-934F-48436EF9D616}.G2A Debug|x86.Build.0 = G2A Debug|Win32
		{CFE48BE4-BD9A-43B9-934F-48436EF9D616}.G2A Release|x86.ActiveCfg = G2A Release|Win32
		{CFE48BE4-BD9A-43B9-934F-48436EF9D616}.G2A Release|x86.Build.0 = G2A Release|Win32
		{CFE48BE4-BD9A-43B9-934F-48436EF9D616}.Release|x86.ActiveCfg = Release|Win32
		{CFE48BE4-BD9A-43B9-934F-48436EF9D616}.Release|x86.Build.0 = Release|Win32
		{CFE48BE4-BD9A-43B9-934F-48436EF9D616}.Smith Unnamed Debug|x86.ActiveCfg = Debug|Win32
		{C338E4F9-DC69-4531-AF6F-1585A9EE0BC0}.Debug|x86.ActiveCfg = Debug|Win32
		{C338E4F9-DC69-4531-AF6F-1585A9EE0BC0}.Debug|x86.Build.0 = Debug|Win32
		{C338E4F9-DC69-4531-AF6F-1585A9EE0BC0}.G1 Debug|x86.ActiveCfg = G1 Debug|Win32
		{C338E4F9-DC69-4531-AF6F-1585A9EE0BC0}.G1 Debug|x86.Build.0 = G1 Debug|Win32
		{C338E4F9-DC69-4531-AF6F-1585A9EE0BC0}.G1 Release|x86.ActiveCfg = G1 Release|Win32
		{C338E4F9-DC69-4531-AF6F-1585A9EE0BC0}.G1 Release|x86.Build.0 = G1 Release|Win32
		{C338E4F9-DC69-4531-AF6F-1585A9EE0BC0}.G1A Debug|x86.ActiveCfg = G1A Debug|Win32
		{C338E4F9-DC69-4531-AF6F-1585A9EE0BC0}.G1A Debug|x86.Build.0 = G1A Debug|Win32
		{C338E4F9-DC69-4531-AF6F-1585A9EE0BC0}.G1A Release|x86.ActiveCfg = G1A Release|Win32
		{C338E4F9-DC69-4531-AF6F-1585A9EE0BC0}.G1A Release|x86.Build.0 = G1A Release|Win32
		{C338E4F9-DC69-4531-AF6F-1585A9EE0BC0}.G2 Debug|x86.ActiveCfg = G2 Debug|Win32
		{C338E4F9-DC69-4531-AF6F-1585A9EE0BC0}.G2 Debug|x86.Build.0 = G2 Debug|Win32
		{C338E4F9-DC69-4531-AF6F-1585A9EE0BC0}.G2 Release|x86.ActiveCfg = G2 Release|Win32
		{C338E4F9-DC69-4531-AF6F-1585A9EE0BC0}.G2 Release|x86.Build.0 = G2 Release|Win32
		{C338E4F9-DC69-4531-AF6F-1585A9EE0BC0}.G2A Debug|x86.ActiveCfg = G2A Debug|Win32
		{C338E4F9-DC69-4531-AF6F-1585A9EE0BC0}.G2A Debug|x86.Build.0 = G2A Debug|Win32
		{C338E4F9-DC69-4531-AF6F-1585A9EE0BC0}.G2A Release|x86.ActiveCfg = G2A Release|Win32
		{C338E4F9-DC69-4531-AF6F-1585A9EE0BC0}.G2A Release|x86.Build.0 = G2A Release|Win32
		{C338E4F9-DC69-4531-AF6F-1585A9EE0BC0}.Release|x86.ActiveCfg = Release|Win32
		{C338E4F9-DC69-4531-AF6F-1585A9EE0BC0}.Release|x86.Build.0 = Release|Win32
		{C338E4F9-DC69-4531-AF6F-1585A9EE0BC0}.Smith Unnamed Debug|x86.ActiveCfg = Debug|Win32
		{C338E4F9-DC69-4531-AF6F-1585A9EE0BC0}.Smith Unnamed Debug|x86.Build.0 = Debug|Win32
		{F660EE88-4E4E-4060-95C9-B985AFF9B1C8}.Debug|x86.ActiveCfg = Debug|Win32
		{F660EE88-4E4E-4060-95C9-B985AFF9B1C8}.Debug|x86.Build.0 = Debug|Win32
		{F660EE88-4E4E-4060-95C9-B985AFF9B1C8}.G1 Debug|x86.ActiveCfg = G1 Debug|Win32
		{F660EE88-4E4E-4060-95C9-B985AFF9B1C8}.G1 Debug|x86.Build.0 = G1 Debug|Win32
		{F660EE88-4E4E-4060-95C9-B985AFF9B1C8}.G1 Release|x86.ActiveCfg = G1 Release|Win32
		{F660EE88-4E4E-4060-95C9-B985AFF9B1C8}.G1 Release|x86.Build.0 = G1 Release|Win32
		{F660EE88-4E4E-4060-95C9-B985AFF9B1C8}.G1A Debug|x86.ActiveCfg = G1A Debug|Win32
		{F660EE88-4E4E-4060-95C9-B985AFF9B1C8}.G1A Debug|x86.Build.0 = G1A Debug|Win32
		{F660EE88-4E4E-4060-95C9-B985AFF9B1C8}.G1A Release|x86.ActiveCfg = G1A Release|Win32
		{F660EE88-4E4E-4060-95C9-B985AFF9B1C8}.G1A Release|x86.Build.0 = G1A Release|Win32
		{F660EE88-4E4E-4060-95C9-B985AFF9B1C8}.G2 Debug|x86.ActiveCfg = G2 Debug|Win32
		{F660EE88-4E4E-4060-95C9-B985AFF9B1C8}.G2 Debug|x86.Build.0 = G2 Debug|Win32
		{F660EE88-4E4E-4060-95C9-B985AFF9B1C8}.G2 Release|x86.ActiveCfg = G2 Release|Win32
		{F660EE88-4E4E-4060-95C9-B985AFF9B1C8}.G2 Release|x86.Build.0 = G2 Release|Win32
		{F660EE88-4E4E-4060-95C9-B985AFF9B1C8}.G2A Debug|x86.ActiveCfg = G2A Debug|Win32
		{F660EE88-4E4E-4060-95C9-B985AFF9B1C8}.G2A Debug|x86.Build.0 = G2A Debug|Win32
		{F660EE88-4E4E-4060-95C9-B985AFF9B1C8}.G2A Release|x86.ActiveCfg = G2A Release|Win32
		{F660EE88-4E4E-4060-95C9-B985AFF9B1C8}.G2A Release|x86.Build.0 = G2A Release|Win32
		{F660EE88-4E4E-4060-95C9-B985AFF9B1C8}.Release|x86.ActiveCfg = Release|Win32
		{F660EE88-4E4E-4060-95C9-B985AFF9B1C8}.Release|x86.Build.0 = Release|Win32
		{F660EE88-4E4E-4060-95C9-B985AFF9B1C8}.Smith Unnamed Debug|x86.ActiveCfg = Debug|Win32
		{F660EE88-4E4E-4060-95C9-B985AFF9B1C8}.Smith Unnamed Debug|x86.Build.0 = Debug|Win32
		{F10DA0BB-24D4-4FC7-9F36-DC0C7DF5D348}.Debug|x86.ActiveCfg = Debug|Win32
		{F10DA0BB-24D4-4FC7-9F36-DC0C7DF5D348}.Debug|x86.Build.0 = Debug|Win32
		{F10DA0BB-24D4-4FC7-9F36-DC0C7DF5D348}.G1 Debug|x86.ActiveCfg = G1 Debug|Win32
		{F10DA0BB-24D4-4FC7-9F36-DC0C7DF5D348}.G1 Debug|x86.Build.0 = G1 Debug|Win32
		{F10DA0BB-24D4-4FC7-9F36-DC0C7DF5D348}.G1 Release|x86.ActiveCfg = G1 Release|Win32
		{F10DA0BB-24D4-4FC7-9F36-DC0C7DF5D348}.G1 Release|x86.Build.0 = G1 Release|Win32
		{F10DA0BB-24D4-4FC7-9F36-DC0C7DF5D348}.G1A Debug|x86.ActiveCfg = G1A Debug|Win32
		{F10DA0BB-24D4-4FC7-9F36-DC0C7DF5D348}.G1A Debug|x86.Build.0 = G1A Debug|Win32
		{F10DA0BB-24D4-4FC7-9F36-DC0C7DF5D348}.G1A Release|x86.ActiveCfg = G1A Release|Win32
		{F10DA0BB-24D4-4FC7-9F36-DC0C7DF5D348}.G1A Release|x86.Build.0 = G1A Release|Win32
		{F10DA0BB-24D4-4FC7-9F36-DC0C7DF5D348}.G2 Debug|x86.ActiveCfg = G2 Debug|Win32
		{F10DA0BB-24D4-4FC7-9F36-DC0C7DF5D348}.G2 Debug|x86.Build.0 = G2 Debug|Win32
		{F10DA0BB-24D4-4FC7-9F36-DC0C7DF5D348}.G2 Release|x86.ActiveCfg = G2 Release|Win32
		{F10DA0BB-24D4-4FC7-9F36-DC0C7DF5D348}.G2 Release|x86.Build.0 = G2 Release|Win32
		{F10DA0BB-24D4-4FC7-9F36-DC0C7DF5D348}.G2A Debug|x86.ActiveCfg = G2A Debug|Win32
		{F10DA0BB-24D4-4FC7-9F36-DC0C7DF5D348}.G2A Debug|x86.Build.0 = G2A Debug|Win32
		{F10DA0BB-24D4-4FC7-9F36-DC0C7DF5D348}.G2A Release|x86.ActiveCfg = G2A Release|Win32
		{F10DA0BB-24D4-4FC7-9F36-DC0C7DF5D348}.G2A Release|x86.Build.0 = G2A Release|Win32
		{F10DA0BB-24D4-4FC7-9F36-DC0C7DF5D348}.Release|x86.ActiveCfg = Release|Win32
		{F10DA0BB-24D4-4FC7-9F36-DC0C7DF5D348}.Release|x86.Build.0 = Release|Win32
		{F10DA0BB-24D4-4FC7-9F36-DC0C7DF5D348}.Smith Unnamed Debug|x86.ActiveCfg = Debug|Win32
		{F10DA0BB-24D4-4FC7-9F36-DC0C7DF5D348}.Smith Unnamed Debug|x86.Build.0 = Debug|Win32
		{34E2313F-B925-4328-96D0-959618746041}.Debug|x86.ActiveCfg = Debug|Win32
		{34E2313F-B925-4328-96D0-959618746041}.Debug|x86.Build.0 = Debug|Win32
		{34E2313F-B925-4328-96D0-959618746041}.G1 Debug|x86.ActiveCfg = G1 Debug|Win32
		{34E2313F-B925-4328-96D0-959618746041}.G1 Debug|x86.Build.0 = G1 Debug|Win32
		{34E2313F-B925-4328-96D0-959618746041}.G1 Release|x86.ActiveCfg = G1 Release|Win32
		{34E2313F-B925-4328-96D0-959618746041}.G1 Release|x86.Build.0 = G1 Release|Win32
		{34E2313F-B925-4328-96D0-959618746041}.G1A Debug|x86.ActiveCfg = G1A Debug|Win32
		{34E2313F-B925-4328-96D0-959618746041}.G1A Debug|x86.Build.0 = G1A Debug|Win32
		{34E2313F-B925-4328-96D0-959618746041}.G1A Release|x86.ActiveCfg = G1A Release|Win32
		{34E2313F-B925-4328-96D0-959618746041}.G1A Release|x86.Build.0 = G1A Release|Win32
		{34E2313F-B925-4328-96D0-959618746041}.G2 Debug|x86.ActiveCfg = G2 Debug|Win32
		{34E2313F-B925-4328-96D0-959618746041}.G2 Debug|x86.Build.0 = G2 Debug|Win32
		{34E2313F-B925-4328-96D0-959618746041}.G2 Release|x86.ActiveCfg = G2 Release|Win32
		{34E2313F-B925-4328-96D0-959618746041}.G2 Release|x86.Build.0 = G2 Release|Win32
		{34E2313F-B925-4328-96D0-959618746041}.G2A Debug|x86.ActiveCfg = G2A Debug|Win32
		{34E2313F-B925-4328-96D0-959618746041}.G2A Debug|x86.Build.0 = G2A Debug|Win32
		{34E2313F-B925-4328-96D0-959618746041}.G2A Release|x86.ActiveCfg = G2A Release|Win32
		{34E2313F-B925-4328-96D0-959618746041}.G2A Release|x86.Build.0 = G2A Release|Win32
		{34E2313F-B925-4328-96D0-959618746041}.Release|x86.ActiveCfg = Release|Win32
		{34E2313F-B925-4328-96D0-959618746041}.Release|x86.Build.0 = Release|Win32
		{34E2313F-B925-4328-96D0-959618746041}.Smith Unnamed Debug|x86.ActiveCfg = Debug|Win32
		{34E2313F-B925-4328-96D0-959618746041}.Smith Unnamed Debug|x86.Build.0 = Debug|Win32
		{A49ED409-948E-4767-B2F5-9D98E6DA569B}.Debug|x86.ActiveCfg = Debug|Win32
		{A49ED409-948E-4767-B2F5-9D98E6DA569B}.Debug|x86.Build.0 = Debug|Win32
		{A49ED409-948E-4767-B2F5-9D98E6DA569B}.G1 Debug|x86.ActiveCfg = G1 Debug|Win32
		{A49ED409-948E-4767-B2F5-9D98E6DA569B}.G1 Debug|x86.Build.0 = G1 Debug|Win32
		{A49ED409-948E-4767-B2F5-9D98E6DA569B}.G1 Release|x86.ActiveCfg = G1 Release|Win32
		{A49ED409-948E-4767-B2F5-9D98E6DA569B}.G1 Release|x86.Build.0 = G1 Release|Win32
		{A49ED409-948E-4767-B2F5-9D98E6DA569B}.G1A Debug|x86.ActiveCfg = G1A Debug|Win32
		{A49ED409-948E-4767-B2F5-9D98E6DA569B}.G1A Debug|x86.Build.0 = G1A Debug|Win32
		{A49ED409-948E-4767-B2F5-9D98E6DA569B}.G1A Release|x86.ActiveCfg = G1A Release|Win32
		{A49ED409-948E-4767-B2F5-9D98E6DA569B}.G1A Release|x86.Build.0 = G1A Release|Win32
		{A49ED409-948E-4767-B2F5-9D98E6DA569B}.G2 Debug|x86.ActiveCfg = G2 Debug|Win32
		{A49ED409-948E-4767-B2F5-9D98E6DA569B}.G2 Debug|x86.Build.0 = G2 Debug|Win32
		{A49ED409-948E-4767-B2F5-9D98E6DA569B}.G2 Release|x86.ActiveCfg = G2 Release|Win32
		{A49ED409-948E-4767-B2F5-9D98E6DA569B}.G2 Release|x86.Build.0 = G2 Release|Win32
		{A49ED409-948E-4767-B2F5-9D98E6DA569B}.G2A Debug|x86.ActiveCfg = G2A Debug|Win32
		{A49ED409-948E-4767-B2F5-9D98E6DA569B}.G2A Debug|x86.Build.0 = G2A Debug|Win32
		{A49ED409-948E-4767-B2F5-9D98E6DA569B}.G2A Release|x86.ActiveCfg = G2A Release|Win32
		{A49ED409-948E-4767-B2F5-9D98E6DA569B}.G2A Release|x86.Build.0 = G2A Release|Win32
		{A49ED409-948E-4767-B2F5-9D98E6DA569B}.Release|x86.ActiveCfg = Release|Win32
		{A49ED409-948E-4767-B2F5-9D98E6DA569B}.Release|x86.Build.0 = Release|Win32
		{A49ED409-948E-4767-B2F5-9D98E6DA569B}.Smith Unnamed Debug|x86.ActiveCfg = Debug|Win32
		{A49ED409-948E-4767-B2F5-9D98E6DA569B}.Smith Unnamed Debug|x86.Build.0 = Debug|Win32
		{AD3EF6D7-4932-4CAD-BC08-5E97D9EE0EE5}.Debug|x86.ActiveCfg = Debug|Win32
		{AD3EF6D7-4932-4CAD-BC08-5E97D9EE0EE5}.Debug|x86.Build.0 = Debug|Win32
		{AD3EF6D7-4932-4CAD-BC08-5E97D9EE0EE5}.G1 Debug|x86.ActiveCfg = G1 Debug|Win32
		{AD3EF6D7-4932-4CAD-BC08-5E97D9EE0EE5}.G1 Debug|x86.Build.0 = G1 Debug|Win32
		{AD3EF6D7-4932-4CAD-BC08-5E97D9EE0EE5}.G1 Release|x86.ActiveCfg = G1 Release|Win32
		{AD3EF6D7-4932-4CAD-BC08-5E97D9EE0EE5}.G1 Release|x86.Build.0 = G1 Release|Win32
		{AD3EF6D7-4932-4CAD-BC08-5E97D9EE0EE5}.G1A Debug|x86.ActiveCfg = G1A Debug|Win32
		{AD3EF6D7-4932-4CAD-BC08-5E97D9EE0EE5}.G1A Debug|x86.Build.0 = G1A Debug|Win32
		{AD3EF6D7-4932-4CAD-BC08-5E97D9EE0EE5}.G1A Release|x86.ActiveCfg = G1A Release|Win32
		{AD3EF6D7-4932-4CAD-BC08-5E97D9EE0EE5}.G1A Release|x86.Build.0 = G1A Release|Win32
		{AD3EF6D7-4932-4CAD-BC08-5E97D9EE0EE5}.G2 Debug|x86.ActiveCfg = G2 Debug|Win32
		{AD3EF6D7-4932-4CAD-BC08-5E97D9EE0EE5}.G2 Debug|x86.Build.0 = G2 Debug|Win32
		{AD3EF6D7-4932-4CAD-BC08-5E97D9EE0EE5}.G2 Release|x86.ActiveCfg = G2 Release|Win32
		{AD3EF6D7-4932-4CAD-BC08-5E97D9EE0EE5}.G2 Release|x86.Build.0 = G2 Release|Win32
		{AD3EF6D7-4932-4CAD-BC08-5E97D9EE0EE5}.G2A Debug|x86.ActiveCfg = G2A Debug|Win32
		{AD3EF6D7-4932-4CAD-BC08-5E97D9EE0EE5}.G2A Debug|x86.Build.0 = G2A Debug|Win32
		{AD3EF6D7-4932-4CAD-BC08-5E97D9EE0EE5}.G2A Release|x86.ActiveCfg = G2A Release|Win32
		{AD3EF6D7-4932-4CAD-BC08-5E97D9EE0EE5}.G2A Release|x86.Build.0 = G2A Release|Win32
		{AD3EF6D7-4932-4CAD-BC08-5E97D9EE0EE5}.Release|x86.ActiveCfg = Release|Win32
		{AD3EF6D7-4932-4CAD-BC08-5E97D9EE0EE5}.Release|x86.Build.0 = Release|Win32
		{AD3EF6D7-4932-4CAD-BC08-5E97D9EE0EE5}.Smith Unnamed Debug|x86.ActiveCfg = Debug|Win32
		{AD3EF6D7-4932-4CAD-BC08-5E97D9EE0EE5}.Smith Unnamed Debug|x86.Build.0 = Debug|Win32
		{AD245ECC-4ADB-424B-9720-AE3CCE71AF86}.Debug|x86.ActiveCfg = Debug|Win32
		{AD245ECC-4ADB-424B-9720-AE3CCE71AF86}.Debug|x86.Build.0 = Debug|Win32
		{AD245ECC-4ADB-424B-9720-AE3CCE71AF86}.G1 Debug|x86.ActiveCfg = G1 Debug|Win32
		{AD245ECC-4ADB-424B-9720-AE3CCE71AF86}.G1 Debug|x86.Build.0 = G1 Debug|Win32
		{AD245ECC-4ADB-424B-9720-AE3CCE71AF86}.G1 Release|x86.ActiveCfg = G1 Release|Win32
		{AD245ECC-4ADB-424B-9720-AE3CCE71AF86}.G1 Release|x86.Build.0 = G1 Release|Win32
		{AD245ECC-4ADB-424B-9720-AE3CCE71AF86}.G1A Debug|x86.ActiveCfg = G1A Debug|Win32
		{AD245ECC-4ADB-424B-9720-AE3CCE71AF86}.G1A Debug|x86.Build.0 = G1A Debug|Win32
		{AD245ECC-4ADB-424B-9720-AE3CCE71AF86}.G1A Release|x86.ActiveCfg = G1A Release|Win32
		{AD245ECC-4ADB-424B-9720-AE3CCE71AF86}.G1A Release|x86.Build.0 = G1A Release|Win32
		{AD245ECC-4ADB-424B-9720-AE3CCE71AF86}.G2 Debug|x86.ActiveCfg = G2 Debug|Win32
		{AD245ECC-4ADB-424B-9720-AE3CCE71AF86}.G2 Debug|x86.Build.0 = G2 Debug|Win32
		{AD245ECC-4ADB-424B-9720-AE3CCE71AF86}.G2 Release|x86.ActiveCfg = G2 Release|Win32
		{AD245ECC-4ADB-424B-9720-AE3CCE71AF86}.G2 Release|x86.Build.0 = G2 Release|Win32
		{AD245ECC-4ADB-424B-9720-AE3CCE71AF86}.G2A Debug|x86.ActiveCfg = G2A Debug|Win32
		{AD245ECC-4ADB-424B-9720-AE3CCE71AF86}.G2A Debug|x86.Build.0 = G2A Debug|Win32
		{AD245ECC-4ADB-424B-9720-AE3CCE71AF86}.G2A Release|x86.ActiveCfg = G2A Release|Win32
		{AD245ECC-4ADB-424B-9720-AE3CCE71AF86}.G2A Release|x86.Build.0 = G2A Release|Win32
		{AD245ECC-4ADB-424B-9720-AE3CCE71AF86}.Release|x86.ActiveCfg = Release|Win32
		{AD245ECC-4ADB-424B-9720-AE3CCE71AF86}.Release|x86.Build.0 = Release|Win32
		{AD245ECC-4ADB-424B-9720-AE3CCE71AF86}.Smith Unnamed Debug|x86.ActiveCfg = Debug|Win32
		{AD245ECC-4ADB-424B-9720-AE3CCE71AF86}.Smith Unnamed Debug|x86.Build.0 = Debug|Win32
		{E49DBC87-7F7D-412B-A73C-778B9A4644B9}.Debug|x86.ActiveCfg = Debug|Win32
		{E49DBC87-7F7D-412B-A73C-778B9A4644B9}.Debug|x86.Build.0 = Debug|Win32
		{E49DBC87-7F7D-412B-A73C-778B9A4644B9}.G1 Debug|x86.ActiveCfg = G1 Debug|Win32
		{E49DBC87-7F7D-412B-A73C-778B9A4644B9}.G1 Debug|x86.Build.0 = G1 Debug|Win32
		{E49DBC87-7F7D-412B-A73C-778B9A4644B9}.G1 Release|x86.ActiveCfg = G1 Release|Win32
		{E49DBC87-7F7D-412B-A73C-778B9A4644B9}.G1 Release|x86.Build.0 = G1 Release|Win32
		{E49DBC87-7F7D-412B-A73C-778B9A4644B9}.G1A Debug|x86.ActiveCfg = G1A Debug|Win32
		{E49DBC87-7F7D-412B-A73C-778B9A4644B9}.G1A Debug|x86.Build.0 = G1A Debug|Win32
		{E49DBC87-7F7D-412B-A73C-778B9A4644B9}.G1A Release|x86.ActiveCfg = G1A Release|Win32
		{E49DBC87-7F7D-412B-A73C-778B9A4644B9}.G1A Release|x86.Build.0 = G1A Release|Win32
		{E49DBC87-7F7D-412B-A73C-778B9A4644B9}.G2 Debug|x86.ActiveCfg = G2 Debug|Win32
		{E49DBC87-7F7D-412B-A73C-778B9A4644B9}.G2 Debug|x86.Build.0 = G2 Debug|Win32
		{E49DBC87-7F7D-412B-A73C-778B9A4644B9}.G2 Release|x86.ActiveCfg = G2 Release|Win32
		{E49DBC87-7F7D-412B-A73C-778B9A4644B9}.G2 Release|x86.Build.0 = G2 Release|Win32
		{E49DBC87-7F7D-412B-A73C-778B9A4644B9}.G2A Debug|x86.ActiveCfg = G2A Debug|Win32
		{E49DBC87-7F7D-412B-A73C-778B9A4644B9}.G2A Debug|x86.Build.0 = G2A Debug|Win32
		{E49DBC87-7F7D-412B-A73C-778B9A4644B9}.G2A Release|x86.ActiveCfg = G2A Release|Win32
		{E49DBC87-7F7D-412B-A73C-778B9A4644B9}.G2A Release|x86.Build.0 = G2A Release|Win32
		{E49DBC87-7F7D-412B-A73C-778B9A4644B9}.Release|x86.ActiveCfg = Release|Win32
		{E49DBC87-7F7D-412B-A73C-778B9A4644B9}.Release|x86.Build.0 = Release|Win32
		{E49DBC87-7F7D-412B-A73C-778B9A4644B9}.Smith Unnamed Debug|x86.ActiveCfg = Debug|Win32
		{E49DBC87-7F7D-412B-A73C-778B9A4644B9}.Smith Unnamed Debug|x86.Build.0 = Debug|Win32
		{E76BE97B-4C78-40B7-A769-EE4C99ED6553}.Debug|x86.ActiveCfg = Debug|Win32
		{E76BE97B-4C78-40B7-A769-EE4C99ED6553}.Debug|x86.Build.0 = Debug|Win32
		{E76BE97B-4C78-40B7-A769-EE4C99ED6553}.G1 Debug|x86.ActiveCfg = G1 Debug|Win32
		{E76BE97B-4C78-40B7-A769-EE4C99ED6553}.G1 Debug|x86.Build.0 = G1 Debug|Win32
		{E76BE97B-4C78-40B7-A769-EE4C99ED6553}.G1 Release|x86.ActiveCfg = G1 Release|Win32
		{E76BE97B-4C78-40B7-A769-EE4C99ED6553}.G1 Release|x86.Build.0 = G1 Release|Win32
		{E76BE97B-4C78-40B7-A769-EE4C99ED6553}.G1A Debug|x86.ActiveCfg = G1A Debug|Win32
		{E76BE97B-4C78-40B7-A769-EE4C99ED6553}.G1A Debug|x86.Build.0 = G1A Debug|Win32
		{E76BE97B-4C78-40B7-A769-EE4C99ED6553}.G1A Release|x86.ActiveCfg = G1A Release|Win32
		{E76BE97B-4C78-40B7-A769-EE4C99ED6553}.G1A Release|x86.Build.0 = G1A Release|Win32
		{E76BE97B-4C78-40B7-A769-EE4C99ED6553}.G2 Debug|x86.ActiveCfg = G2 Debug|Win32
		{E76BE97B-4C78-40B7-A769-EE4C99ED6553}.G2 Debug|x86.Build.0 = G2 Debug|Win32
		{E76BE97B-4C78-40B7-A769-EE4C99ED6553}.G2 Release|x86.ActiveCfg = G2 Release|Win32
		{E76BE97B-4C78-40B7-A769-EE4C99ED6553}.G2 Release|x86.Build.0 = G2 Release|Win32
		{E76BE97B-4C78-40B7-A769-EE4C99ED6553}.G2A Debug|x86.ActiveCfg = G2A Debug|Win32
		{E76BE97B-4C78-40B7-A769-EE4C99ED6553}.G2A Debug|x86.Build.0 = G2A Debug|Win32
		{E76BE97B-4C78-40B7-A769-EE4C99ED6553}.G2A Release|x86.ActiveCfg = G2A Release|Win32
		{E76BE97B-4C78-40B7-A769-EE4C99ED6553}.G2A Release|x86.Build.0 = G2A Release|Win32
		{E76BE97B-4C78-40B7-A769-EE4C99ED6553}.Release|x86.ActiveCfg = Release|Win32
		{E76BE97B-4C78-40B7-A769-EE4C99ED6553}.Release|x86.Build.0 = Release|Win32
		{E76BE97B-4C78-40B7-A769-EE4C99ED6553}.Smith Unnamed Debug|x86.ActiveCfg = Debug|Win32
		{E76BE97B-4C78-40B7-A769-EE4C99ED6553}.Smith Unnamed Debug|x86.Build.0 = Debug|Win32
	EndGlobalSection
	GlobalSection(SolutionProperties) = preSolution
		HideSolutionNode = FALSE
	EndGlobalSection
	GlobalSection(ExtensibilityGlobals) = postSolution
		SolutionGuid = {2117F289-5534-42CA-936E-1A435A686B8E}
	EndGlobalSection
EndGlobal
