
Microsoft Visual Studio Solution File, Format Version 12.00
# Visual Studio Version 16
VisualStudioVersion = 16.0.28729.10
MinimumVisualStudioVersion = 10.0.40219.1
Project("{8BC9CEB8-8B4A-11D0-8D11-00A0C91BC942}") = "Union_AlterDamage", "Union_AlterDamage\Union_AlterDamage.vcxproj", "{464C8B85-FC34-4A1D-A3BD-20A42CA31731}"
EndProject
Project("{8BC9CEB8-8B4A-11D0-8D11-00A0C91BC942}") = "Union_SpellFix", "Union_SpellFix\Union_SpellFix.vcxproj", "{FDB9FEE9-B601-4F8F-B81E-740871FBEE53}"
EndProject
Project("{8BC9CEB8-8B4A-11D0-8D11-00A0C91BC942}") = "Union_SavesBackuper", "Union_SavesBackuper\Union_SavesBackuper.vcxproj", "{CFE48BE4-BD9A-43B9-934F-48436EF9D616}"
EndProject
Project("{8BC9CEB8-8B4A-11D0-8D11-00A0C91BC942}") = "Union_TorchHotkey", "Union_TorchHotkey\Union_TorchHotkey.vcxproj", "{F660EE88-4E4E-4060-95C9-B985AFF9B1C8}"
EndProject
Project("{8BC9CEB8-8B4A-11D0-8D11-00A0C91BC942}") = "Union_QuickLoot", "Union_QuickLoot\Union_QuickLoot.vcxproj", "{34E2313F-B925-4328-96D0-959618746041}"
EndProject
Project("{8BC9CEB8-8B4A-11D0-8D11-00A0C91BC942}") = "Union_VerifyPlugins", "Union_VerifyPlugins\Union_VerifyPlugins.vcxproj", "{A49ED409-948E-4767-B2F5-9D98E6DA569B}"
EndProject
Project("{8BC9CEB8-8B4A-11D0-8D11-00A0C91BC942}") = "Union_OdysseeCrutches", "Union_OdysseeCrutches\Union_OdysseeCrutches.vcxproj", "{AD3EF6D7-4932-4CAD-BC08-5E97D9EE0EE5}"
EndProject
Project("{8BC9CEB8-8B4A-11D0-8D11-00A0C91BC942}") = "Union_TimedOverlays", "Union_TimedOverlays\Union_TimedOverlays.vcxproj", "{AD245ECC-4ADB-424B-9720-AE3CCE71AF86}"
EndProject
Project("{8BC9CEB8-8B4A-11D0-8D11-00A0C91BC942}") = "Union_MarvinHelper", "Union_MarvinHelper\Union_MarvinHelper.vcxproj", "{D3A20379-1D44-422E-BB9F-6AAD33E79FB3}"
EndProject
Project("{8BC9CEB8-8B4A-11D0-8D11-00A0C91BC942}") = "Union_NoFocusFix2", "Union_NoFocusFix2\Union_NoFocusFix2.vcxproj", "{6D5947C2-9AFA-4A8D-A938-8656C0FCCAC8}"
EndProject
Project("{8BC9CEB8-8B4A-11D0-8D11-00A0C91BC942}") = "Union_MiscUtils", "Union_MiscUtils\Union_MiscUtils.vcxproj", "{96CEDAA8-FDD4-485B-BF64-7AA4CACCDA00}"
EndProject
Project("{8BC9CEB8-8B4A-11D0-8D11-00A0C91BC942}") = "Union_Gui", "Union_Gui\Union_Gui.vcxproj", "{CBE244C4-BED9-4F2A-AD0D-4271295ED51E}"
EndProject
Project("{8BC9CEB8-8B4A-11D0-8D11-00A0C91BC942}") = "Union_ScriptClass", "Union_ScriptClass\Union_ScriptClass.vcxproj", "{F2C37C9E-FEC9-4C3F-B455-29D39AC15BC3}"
EndProject
Project("{8BC9CEB8-8B4A-11D0-8D11-00A0C91BC942}") = "Union_ScriptGui", "Union_ScriptGui\Union_ScriptGui.vcxproj", "{6CC5A238-45F3-4425-BD03-621C77B2C068}"
EndProject
Global
	GlobalSection(SolutionConfigurationPlatforms) = preSolution
		Debug|x86 = Debug|x86
		G1 Debug|x86 = G1 Debug|x86
		G1 Release|x86 = G1 Release|x86
		G1A Debug|x86 = G1A Debug|x86
		G1A Release|x86 = G1A Release|x86
		G2 Debug|x86 = G2 Debug|x86
		G2 Release|x86 = G2 Release|x86
		G2A Debug|x86 = G2A Debug|x86
		G2A Release|x86 = G2A Release|x86
		Release|x86 = Release|x86
		Smith Unnamed Debug|x86 = Smith Unnamed Debug|x86
	EndGlobalSection
	GlobalSection(ProjectConfigurationPlatforms) = postSolution
		{464C8B85-FC34-4A1D-A3BD-20A42CA31731}.Debug|x86.ActiveCfg = Debug|Win32
		{464C8B85-FC34-4A1D-A3BD-20A42CA31731}.Debug|x86.Build.0 = Debug|Win32
		{464C8B85-FC34-4A1D-A3BD-20A42CA31731}.G1 Debug|x86.ActiveCfg = G1 Debug|Win32
		{464C8B85-FC34-4A1D-A3BD-20A42CA31731}.G1 Debug|x86.Build.0 = G1 Debug|Win32
		{464C8B85-FC34-4A1D-A3BD-20A42CA31731}.G1 Release|x86.ActiveCfg = G1 Release|Win32
		{464C8B85-FC34-4A1D-A3BD-20A42CA31731}.G1 Release|x86.Build.0 = G1 Release|Win32
		{464C8B85-FC34-4A1D-A3BD-20A42CA31731}.G1A Debug|x86.ActiveCfg = G1A Debug|Win32
		{464C8B85-FC34-4A1D-A3BD-20A42CA31731}.G1A Debug|x86.Build.0 = G1A Debug|Win32
		{464C8B85-FC34-4A1D-A3BD-20A42CA31731}.G1A Release|x86.ActiveCfg = G1A Release|Win32
		{464C8B85-FC34-4A1D-A3BD-20A42CA31731}.G1A Release|x86.Build.0 = G1A Release|Win32
		{464C8B85-FC34-4A1D-A3BD-20A42CA31731}.G2 Debug|x86.ActiveCfg = G2 Debug|Win32
		{464C8B85-FC34-4A1D-A3BD-20A42CA31731}.G2 Debug|x86.Build.0 = G2 Debug|Win32
		{464C8B85-FC34-4A1D-A3BD-20A42CA31731}.G2 Release|x86.ActiveCfg = G2 Release|Win32
		{464C8B85-FC34-4A1D-A3BD-20A42CA31731}.G2 Release|x86.Build.0 = G2 Release|Win32
		{464C8B85-FC34-4A1D-A3BD-20A42CA31731}.G2A Debug|x86.ActiveCfg = G2A Debug|Win32
		{464C8B85-FC34-4A1D-A3BD-20A42CA31731}.G2A Debug|x86.Build.0 = G2A Debug|Win32
		{464C8B85-FC34-4A1D-A3BD-20A42CA31731}.G2A Release|x86.ActiveCfg = G2A Release|Win32
		{464C8B85-FC34-4A1D-A3BD-20A42CA31731}.G2A Release|x86.Build.0 = G2A Release|Win32
		{464C8B85-FC34-4A1D-A3BD-20A42CA31731}.Release|x86.ActiveCfg = Release|Win32
		{464C8B85-FC34-4A1D-A3BD-20A42CA31731}.Release|x86.Build.0 = Release|Win32
		{464C8B85-FC34-4A1D-A3BD-20A42CA31731}.Smith Unnamed Debug|x86.ActiveCfg = Smith Unnamed Debug|Win32
		{464C8B85-FC34-4A1D-A3BD-20A42CA31731}.Smith Unnamed Debug|x86.Build.0 = Smith Unnamed Debug|Win32
		{FDB9FEE9-B601-4F8F-B81E-740871FBEE53}.Debug|x86.ActiveCfg = Debug|Win32
		{FDB9FEE9-B601-4F8F-B81E-740871FBEE53}.Debug|x86.Build.0 = Debug|Win32
		{FDB9FEE9-B601-4F8F-B81E-740871FBEE53}.G1 Debug|x86.ActiveCfg = G1 Debug|Win32
		{FDB9FEE9-B601-4F8F-B81E-740871FBEE53}.G1 Debug|x86.Build.0 = G1 Debug|Win32
		{FDB9FEE9-B601-4F8F-B81E-740871FBEE53}.G1 Release|x86.ActiveCfg = G1 Release|Win32
		{FDB9FEE9-B601-4F8F-B81E-740871FBEE53}.G1 Release|x86.Build.0 = G1 Release|Win32
		{FDB9FEE9-B601-4F8F-B81E-740871FBEE53}.G1A Debug|x86.ActiveCfg = G1A Debug|Win32
		{FDB9FEE9-B601-4F8F-B81E-740871FBEE53}.G1A Debug|x86.Build.0 = G1A Debug|Win32
		{FDB9FEE9-B601-4F8F-B81E-740871FBEE53}.G1A Release|x86.ActiveCfg = G1A Release|Win32
		{FDB9FEE9-B601-4F8F-B81E-740871FBEE53}.G1A Release|x86.Build.0 = G1A Release|Win32
		{FDB9FEE9-B601-4F8F-B81E-740871FBEE53}.G2 Debug|x86.ActiveCfg = G2 Debug|Win32
		{FDB9FEE9-B601-4F8F-B81E-740871FBEE53}.G2 Debug|x86.Build.0 = G2 Debug|Win32
		{FDB9FEE9-B601-4F8F-B81E-740871FBEE53}.G2 Release|x86.ActiveCfg = G2 Release|Win32
		{FDB9FEE9-B601-4F8F-B81E-740871FBEE53}.G2 Release|x86.Build.0 = G2 Release|Win32
		{FDB9FEE9-B601-4F8F-B81E-740871FBEE53}.G2A Debug|x86.ActiveCfg = G2A Debug|Win32
		{FDB9FEE9-B601-4F8F-B81E-740871FBEE53}.G2A Debug|x86.Build.0 = G2A Debug|Win32
		{FDB9FEE9-B601-4F8F-B81E-740871FBEE53}.G2A Release|x86.ActiveCfg = G2A Release|Win32
		{FDB9FEE9-B601-4F8F-B81E-740871FBEE53}.G2A Release|x86.Build.0 = G2A Release|Win32
		{FDB9FEE9-B601-4F8F-B81E-740871FBEE53}.Release|x86.ActiveCfg = Release|Win32
		{FDB9FEE9-B601-4F8F-B81E-740871FBEE53}.Release|x86.Build.0 = Release|Win32
		{FDB9FEE9-B601-4F8F-B81E-740871FBEE53}.Smith Unnamed Debug|x86.ActiveCfg = Debug|Win32
		{CFE48BE4-BD9A-43B9-934F-48436EF9D616}.Debug|x86.ActiveCfg = Debug|Win32
		{CFE48BE4-BD9A-43B9-934F-48436EF9D616}.Debug|x86.Build.0 = Debug|Win32
		{CFE48BE4-BD9A-43B9-934F-48436EF9D616}.G1 Debug|x86.ActiveCfg = G1 Debug|Win32
		{CFE48BE4-BD9A-43B9-934F-48436EF9D616}.G1 Debug|x86.Build.0 = G1 Debug|Win32
		{CFE48BE4-BD9A-43B9-934F-48436EF9D616}.G1 Release|x86.ActiveCfg = G1 Release|Win32
		{CFE48BE4-BD9A-43B9-934F-48436EF9D616}.G1 Release|x86.Build.0 = G1 Release|Win32
		{CFE48BE4-BD9A-43B9-934F-48436EF9D616}.G1A Debug|x86.ActiveCfg = G1A Debug|Win32
		{CFE48BE4-BD9A-43B9-934F-48436EF9D616}.G1A Debug|x86.Build.0 = G1A Debug|Win32
		{CFE48BE4-BD9A-43B9-934F-48436EF9D616}.G1A Release|x86.ActiveCfg = G1A Release|Win32
		{CFE48BE4-BD9A-43B9-934F-48436EF9D616}.G1A Release|x86.Build.0 = G1A Release|Win32
		{CFE48BE4-BD9A-43B9-934F-48436EF9D616}.G2 Debug|x86.ActiveCfg = G2 Debug|Win32
		{CFE48BE4-BD9A-43B9-934F-48436EF9D616}.G2 Debug|x86.Build.0 = G2 Debug|Win32
		{CFE48BE4-BD9A-43B9-934F-48436EF9D616}.G2 Release|x86.ActiveCfg = G2 Release|Win32
		{CFE48BE4-BD9A-43B9-934F-48436EF9D616}.G2 Release|x86.Build.0 = G2 Release|Win32
		{CFE48BE4-BD9A-43B9-934F-48436EF9D616}.G2A Debug|x86.ActiveCfg = G2A Debug|Win32
		{CFE48BE4-BD9A-43B9-934F-48436EF9D616}.G2A Debug|x86.Build.0 = G2A Debug|Win32
		{CFE48BE4-BD9A-43B9-934F-48436EF9D616}.G2A Release|x86.ActiveCfg = G2A Release|Win32
		{CFE48BE4-BD9A-43B9-934F-48436EF9D616}.G2A Release|x86.Build.0 = G2A Release|Win32
		{CFE48BE4-BD9A-43B9-934F-48436EF9D616}.Release|x86.ActiveCfg = Release|Win32
		{CFE48BE4-BD9A-43B9-934F-48436EF9D616}.Release|x86.Build.0 = Release|Win32
		{CFE48BE4-BD9A-43B9-934F-48436EF9D616}.Smith Unnamed Debug|x86.ActiveCfg = Debug|Win32
		{F660EE88-4E4E-4060-95C9-B985AFF9B1C8}.Debug|x86.ActiveCfg = Debug|Win32
		{F660EE88-4E4E-4060-95C9-B985AFF9B1C8}.Debug|x86.Build.0 = Debug|Win32
		{F660EE88-4E4E-4060-95C9-B985AFF9B1C8}.G1 Debug|x86.ActiveCfg = G1 Debug|Win32
		{F660EE88-4E4E-4060-95C9-B985AFF9B1C8}.G1 Debug|x86.Build.0 = G1 Debug|Win32
		{F660EE88-4E4E-4060-95C9-B985AFF9B1C8}.G1 Release|x86.ActiveCfg = G1 Release|Win32
		{F660EE88-4E4E-4060-95C9-B985AFF9B1C8}.G1 Release|x86.Build.0 = G1 Release|Win32
		{F660EE88-4E4E-4060-95C9-B985AFF9B1C8}.G1A Debug|x86.ActiveCfg = G1A Debug|Win32
		{F660EE88-4E4E-4060-95C9-B985AFF9B1C8}.G1A Debug|x86.Build.0 = G1A Debug|Win32
		{F660EE88-4E4E-4060-95C9-B985AFF9B1C8}.G1A Release|x86.ActiveCfg = G1A Release|Win32
		{F660EE88-4E4E-4060-95C9-B985AFF9B1C8}.G1A Release|x86.Build.0 = G1A Release|Win32
		{F660EE88-4E4E-4060-95C9-B985AFF9B1C8}.G2 Debug|x86.ActiveCfg = G2 Debug|Win32
		{F660EE88-4E4E-4060-95C9-B985AFF9B1C8}.G2 Debug|x86.Build.0 = G2 Debug|Win32
		{F660EE88-4E4E-4060-95C9-B985AFF9B1C8}.G2 Release|x86.ActiveCfg = G2 Release|Win32
		{F660EE88-4E4E-4060-95C9-B985AFF9B1C8}.G2 Release|x86.Build.0 = G2 Release|Win32
		{F660EE88-4E4E-4060-95C9-B985AFF9B1C8}.G2A Debug|x86.ActiveCfg = G2A Debug|Win32
		{F660EE88-4E4E-4060-95C9-B985AFF9B1C8}.G2A Debug|x86.Build.0 = G2A Debug|Win32
		{F660EE88-4E4E-4060-95C9-B985AFF9B1C8}.G2A Release|x86.ActiveCfg = G2A Release|Win32
		{F660EE88-4E4E-4060-95C9-B985AFF9B1C8}.G2A Release|x86.Build.0 = G2A Release|Win32
		{F660EE88-4E4E-4060-95C9-B985AFF9B1C8}.Release|x86.ActiveCfg = Release|Win32
		{F660EE88-4E4E-4060-95C9-B985AFF9B1C8}.Release|x86.Build.0 = Release|Win32
		{F660EE88-4E4E-4060-95C9-B985AFF9B1C8}.Smith Unnamed Debug|x86.ActiveCfg = Debug|Win32
		{F660EE88-4E4E-4060-95C9-B985AFF9B1C8}.Smith Unnamed Debug|x86.Build.0 = Debug|Win32
		{34E2313F-B925-4328-96D0-959618746041}.Debug|x86.ActiveCfg = Debug|Win32
		{34E2313F-B925-4328-96D0-959618746041}.Debug|x86.Build.0 = Debug|Win32
		{34E2313F-B925-4328-96D0-959618746041}.G1 Debug|x86.ActiveCfg = G1 Debug|Win32
		{34E2313F-B925-4328-96D0-959618746041}.G1 Debug|x86.Build.0 = G1 Debug|Win32
		{34E2313F-B925-4328-96D0-959618746041}.G1 Release|x86.ActiveCfg = G1 Release|Win32
		{34E2313F-B925-4328-96D0-959618746041}.G1 Release|x86.Build.0 = G1 Release|Win32
		{34E2313F-B925-4328-96D0-959618746041}.G1A Debug|x86.ActiveCfg = G1A Debug|Win32
		{34E2313F-B925-4328-96D0-959618746041}.G1A Debug|x86.Build.0 = G1A Debug|Win32
		{34E2313F-B925-4328-96D0-959618746041}.G1A Release|x86.ActiveCfg = G1A Release|Win32
		{34E2313F-B925-4328-96D0-959618746041}.G1A Release|x86.Build.0 = G1A Release|Win32
		{34E2313F-B925-4328-96D0-959618746041}.G2 Debug|x86.ActiveCfg = G2 Debug|Win32
		{34E2313F-B925-4328-96D0-959618746041}.G2 Debug|x86.Build.0 = G2 Debug|Win32
		{34E2313F-B925-4328-96D0-959618746041}.G2 Release|x86.ActiveCfg = G2 Release|Win32
		{34E2313F-B925-4328-96D0-959618746041}.G2 Release|x86.Build.0 = G2 Release|Win32
		{34E2313F-B925-4328-96D0-959618746041}.G2A Debug|x86.ActiveCfg = G2A Debug|Win32
		{34E2313F-B925-4328-96D0-959618746041}.G2A Debug|x86.Build.0 = G2A Debug|Win32
		{34E2313F-B925-4328-96D0-959618746041}.G2A Release|x86.ActiveCfg = G2A Release|Win32
		{34E2313F-B925-4328-96D0-959618746041}.G2A Release|x86.Build.0 = G2A Release|Win32
		{34E2313F-B925-4328-96D0-959618746041}.Release|x86.ActiveCfg = Release|Win32
		{34E2313F-B925-4328-96D0-959618746041}.Release|x86.Build.0 = Release|Win32
		{34E2313F-B925-4328-96D0-959618746041}.Smith Unnamed Debug|x86.ActiveCfg = Debug|Win32
		{34E2313F-B925-4328-96D0-959618746041}.Smith Unnamed Debug|x86.Build.0 = Debug|Win32
		{A49ED409-948E-4767-B2F5-9D98E6DA569B}.Debug|x86.ActiveCfg = Debug|Win32
		{A49ED409-948E-4767-B2F5-9D98E6DA569B}.Debug|x86.Build.0 = Debug|Win32
		{A49ED409-948E-4767-B2F5-9D98E6DA569B}.G1 Debug|x86.ActiveCfg = G1 Debug|Win32
		{A49ED409-948E-4767-B2F5-9D98E6DA569B}.G1 Debug|x86.Build.0 = G1 Debug|Win32
		{A49ED409-948E-4767-B2F5-9D98E6DA569B}.G1 Release|x86.ActiveCfg = G1 Release|Win32
		{A49ED409-948E-4767-B2F5-9D98E6DA569B}.G1 Release|x86.Build.0 = G1 Release|Win32
		{A49ED409-948E-4767-B2F5-9D98E6DA569B}.G1A Debug|x86.ActiveCfg = G1A Debug|Win32
		{A49ED409-948E-4767-B2F5-9D98E6DA569B}.G1A Debug|x86.Build.0 = G1A Debug|Win32
		{A49ED409-948E-4767-B2F5-9D98E6DA569B}.G1A Release|x86.ActiveCfg = G1A Release|Win32
		{A49ED409-948E-4767-B2F5-9D98E6DA569B}.G1A Release|x86.Build.0 = G1A Release|Win32
		{A49ED409-948E-4767-B2F5-9D98E6DA569B}.G2 Debug|x86.ActiveCfg = G2 Debug|Win32
		{A49ED409-948E-4767-B2F5-9D98E6DA569B}.G2 Debug|x86.Build.0 = G2 Debug|Win32
		{A49ED409-948E-4767-B2F5-9D98E6DA569B}.G2 Release|x86.ActiveCfg = G2 Release|Win32
		{A49ED409-948E-4767-B2F5-9D98E6DA569B}.G2 Release|x86.Build.0 = G2 Release|Win32
		{A49ED409-948E-4767-B2F5-9D98E6DA569B}.G2A Debug|x86.ActiveCfg = G2A Debug|Win32
		{A49ED409-948E-4767-B2F5-9D98E6DA569B}.G2A Debug|x86.Build.0 = G2A Debug|Win32
		{A49ED409-948E-4767-B2F5-9D98E6DA569B}.G2A Release|x86.ActiveCfg = G2A Release|Win32
		{A49ED409-948E-4767-B2F5-9D98E6DA569B}.G2A Release|x86.Build.0 = G2A Release|Win32
		{A49ED409-948E-4767-B2F5-9D98E6DA569B}.Release|x86.ActiveCfg = Release|Win32
		{A49ED409-948E-4767-B2F5-9D98E6DA569B}.Release|x86.Build.0 = Release|Win32
		{A49ED409-948E-4767-B2F5-9D98E6DA569B}.Smith Unnamed Debug|x86.ActiveCfg = Debug|Win32
		{A49ED409-948E-4767-B2F5-9D98E6DA569B}.Smith Unnamed Debug|x86.Build.0 = Debug|Win32
		{AD3EF6D7-4932-4CAD-BC08-5E97D9EE0EE5}.Debug|x86.ActiveCfg = Debug|Win32
		{AD3EF6D7-4932-4CAD-BC08-5E97D9EE0EE5}.Debug|x86.Build.0 = Debug|Win32
		{AD3EF6D7-4932-4CAD-BC08-5E97D9EE0EE5}.G1 Debug|x86.ActiveCfg = G1 Debug|Win32
		{AD3EF6D7-4932-4CAD-BC08-5E97D9EE0EE5}.G1 Debug|x86.Build.0 = G1 Debug|Win32
		{AD3EF6D7-4932-4CAD-BC08-5E97D9EE0EE5}.G1 Release|x86.ActiveCfg = G1 Release|Win32
		{AD3EF6D7-4932-4CAD-BC08-5E97D9EE0EE5}.G1 Release|x86.Build.0 = G1 Release|Win32
		{AD3EF6D7-4932-4CAD-BC08-5E97D9EE0EE5}.G1A Debug|x86.ActiveCfg = G1A Debug|Win32
		{AD3EF6D7-4932-4CAD-BC08-5E97D9EE0EE5}.G1A Debug|x86.Build.0 = G1A Debug|Win32
		{AD3EF6D7-4932-4CAD-BC08-5E97D9EE0EE5}.G1A Release|x86.ActiveCfg = G1A Release|Win32
		{AD3EF6D7-4932-4CAD-BC08-5E97D9EE0EE5}.G1A Release|x86.Build.0 = G1A Release|Win32
		{AD3EF6D7-4932-4CAD-BC08-5E97D9EE0EE5}.G2 Debug|x86.ActiveCfg = G2 Debug|Win32
		{AD3EF6D7-4932-4CAD-BC08-5E97D9EE0EE5}.G2 Debug|x86.Build.0 = G2 Debug|Win32
		{AD3EF6D7-4932-4CAD-BC08-5E97D9EE0EE5}.G2 Release|x86.ActiveCfg = G2 Release|Win32
		{AD3EF6D7-4932-4CAD-BC08-5E97D9EE0EE5}.G2 Release|x86.Build.0 = G2 Release|Win32
		{AD3EF6D7-4932-4CAD-BC08-5E97D9EE0EE5}.G2A Debug|x86.ActiveCfg = G2A Debug|Win32
		{AD3EF6D7-4932-4CAD-BC08-5E97D9EE0EE5}.G2A Debug|x86.Build.0 = G2A Debug|Win32
		{AD3EF6D7-4932-4CAD-BC08-5E97D9EE0EE5}.G2A Release|x86.ActiveCfg = G2A Release|Win32
		{AD3EF6D7-4932-4CAD-BC08-5E97D9EE0EE5}.G2A Release|x86.Build.0 = G2A Release|Win32
		{AD3EF6D7-4932-4CAD-BC08-5E97D9EE0EE5}.Release|x86.ActiveCfg = Release|Win32
		{AD3EF6D7-4932-4CAD-BC08-5E97D9EE0EE5}.Release|x86.Build.0 = Release|Win32
		{AD3EF6D7-4932-4CAD-BC08-5E97D9EE0EE5}.Smith Unnamed Debug|x86.ActiveCfg = Debug|Win32
		{AD3EF6D7-4932-4CAD-BC08-5E97D9EE0EE5}.Smith Unnamed Debug|x86.Build.0 = Debug|Win32
		{AD245ECC-4ADB-424B-9720-AE3CCE71AF86}.Debug|x86.ActiveCfg = Debug|Win32
		{AD245ECC-4ADB-424B-9720-AE3CCE71AF86}.Debug|x86.Build.0 = Debug|Win32
		{AD245ECC-4ADB-424B-9720-AE3CCE71AF86}.G1 Debug|x86.ActiveCfg = G1 Debug|Win32
		{AD245ECC-4ADB-424B-9720-AE3CCE71AF86}.G1 Debug|x86.Build.0 = G1 Debug|Win32
		{AD245ECC-4ADB-424B-9720-AE3CCE71AF86}.G1 Release|x86.ActiveCfg = G1 Release|Win32
		{AD245ECC-4ADB-424B-9720-AE3CCE71AF86}.G1 Release|x86.Build.0 = G1 Release|Win32
		{AD245ECC-4ADB-424B-9720-AE3CCE71AF86}.G1A Debug|x86.ActiveCfg = G1A Debug|Win32
		{AD245ECC-4ADB-424B-9720-AE3CCE71AF86}.G1A Debug|x86.Build.0 = G1A Debug|Win32
		{AD245ECC-4ADB-424B-9720-AE3CCE71AF86}.G1A Release|x86.ActiveCfg = G1A Release|Win32
		{AD245ECC-4ADB-424B-9720-AE3CCE71AF86}.G1A Release|x86.Build.0 = G1A Release|Win32
		{AD245ECC-4ADB-424B-9720-AE3CCE71AF86}.G2 Debug|x86.ActiveCfg = G2 Debug|Win32
		{AD245ECC-4ADB-424B-9720-AE3CCE71AF86}.G2 Debug|x86.Build.0 = G2 Debug|Win32
		{AD245ECC-4ADB-424B-9720-AE3CCE71AF86}.G2 Release|x86.ActiveCfg = G2 Release|Win32
		{AD245ECC-4ADB-424B-9720-AE3CCE71AF86}.G2 Release|x86.Build.0 = G2 Release|Win32
		{AD245ECC-4ADB-424B-9720-AE3CCE71AF86}.G2A Debug|x86.ActiveCfg = G2A Debug|Win32
		{AD245ECC-4ADB-424B-9720-AE3CCE71AF86}.G2A Debug|x86.Build.0 = G2A Debug|Win32
		{AD245ECC-4ADB-424B-9720-AE3CCE71AF86}.G2A Release|x86.ActiveCfg = G2A Release|Win32
		{AD245ECC-4ADB-424B-9720-AE3CCE71AF86}.G2A Release|x86.Build.0 = G2A Release|Win32
		{AD245ECC-4ADB-424B-9720-AE3CCE71AF86}.Release|x86.ActiveCfg = Release|Win32
		{AD245ECC-4ADB-424B-9720-AE3CCE71AF86}.Release|x86.Build.0 = Release|Win32
		{AD245ECC-4ADB-424B-9720-AE3CCE71AF86}.Smith Unnamed Debug|x86.ActiveCfg = Debug|Win32
		{AD245ECC-4ADB-424B-9720-AE3CCE71AF86}.Smith Unnamed Debug|x86.Build.0 = Debug|Win32
		{D3A20379-1D44-422E-BB9F-6AAD33E79FB3}.Debug|x86.ActiveCfg = Debug|Win32
		{D3A20379-1D44-422E-BB9F-6AAD33E79FB3}.Debug|x86.Build.0 = Debug|Win32
		{D3A20379-1D44-422E-BB9F-6AAD33E79FB3}.G1 Debug|x86.ActiveCfg = G1 Debug|Win32
		{D3A20379-1D44-422E-BB9F-6AAD33E79FB3}.G1 Debug|x86.Build.0 = G1 Debug|Win32
		{D3A20379-1D44-422E-BB9F-6AAD33E79FB3}.G1 Release|x86.ActiveCfg = G1 Release|Win32
		{D3A20379-1D44-422E-BB9F-6AAD33E79FB3}.G1 Release|x86.Build.0 = G1 Release|Win32
		{D3A20379-1D44-422E-BB9F-6AAD33E79FB3}.G1A Debug|x86.ActiveCfg = G1A Debug|Win32
		{D3A20379-1D44-422E-BB9F-6AAD33E79FB3}.G1A Debug|x86.Build.0 = G1A Debug|Win32
		{D3A20379-1D44-422E-BB9F-6AAD33E79FB3}.G1A Release|x86.ActiveCfg = G1A Release|Win32
		{D3A20379-1D44-422E-BB9F-6AAD33E79FB3}.G1A Release|x86.Build.0 = G1A Release|Win32
		{D3A20379-1D44-422E-BB9F-6AAD33E79FB3}.G2 Debug|x86.ActiveCfg = G2 Debug|Win32
		{D3A20379-1D44-422E-BB9F-6AAD33E79FB3}.G2 Debug|x86.Build.0 = G2 Debug|Win32
		{D3A20379-1D44-422E-BB9F-6AAD33E79FB3}.G2 Release|x86.ActiveCfg = G2 Release|Win32
		{D3A20379-1D44-422E-BB9F-6AAD33E79FB3}.G2 Release|x86.Build.0 = G2 Release|Win32
		{D3A20379-1D44-422E-BB9F-6AAD33E79FB3}.G2A Debug|x86.ActiveCfg = G2A Debug|Win32
		{D3A20379-1D44-422E-BB9F-6AAD33E79FB3}.G2A Debug|x86.Build.0 = G2A Debug|Win32
		{D3A20379-1D44-422E-BB9F-6AAD33E79FB3}.G2A Release|x86.ActiveCfg = G2A Release|Win32
		{D3A20379-1D44-422E-BB9F-6AAD33E79FB3}.G2A Release|x86.Build.0 = G2A Release|Win32
		{D3A20379-1D44-422E-BB9F-6AAD33E79FB3}.Release|x86.ActiveCfg = Release|Win32
		{D3A20379-1D44-422E-BB9F-6AAD33E79FB3}.Release|x86.Build.0 = Release|Win32
		{D3A20379-1D44-422E-BB9F-6AAD33E79FB3}.Smith Unnamed Debug|x86.ActiveCfg = Debug|Win32
		{D3A20379-1D44-422E-BB9F-6AAD33E79FB3}.Smith Unnamed Debug|x86.Build.0 = Debug|Win32
		{6D5947C2-9AFA-4A8D-A938-8656C0FCCAC8}.Debug|x86.ActiveCfg = Debug|Win32
		{6D5947C2-9AFA-4A8D-A938-8656C0FCCAC8}.Debug|x86.Build.0 = Debug|Win32
		{6D5947C2-9AFA-4A8D-A938-8656C0FCCAC8}.G1 Debug|x86.ActiveCfg = G1 Debug|Win32
		{6D5947C2-9AFA-4A8D-A938-8656C0FCCAC8}.G1 Debug|x86.Build.0 = G1 Debug|Win32
		{6D5947C2-9AFA-4A8D-A938-8656C0FCCAC8}.G1 Release|x86.ActiveCfg = G1 Release|Win32
		{6D5947C2-9AFA-4A8D-A938-8656C0FCCAC8}.G1 Release|x86.Build.0 = G1 Release|Win32
		{6D5947C2-9AFA-4A8D-A938-8656C0FCCAC8}.G1A Debug|x86.ActiveCfg = G1A Debug|Win32
		{6D5947C2-9AFA-4A8D-A938-8656C0FCCAC8}.G1A Debug|x86.Build.0 = G1A Debug|Win32
		{6D5947C2-9AFA-4A8D-A938-8656C0FCCAC8}.G1A Release|x86.ActiveCfg = G1A Release|Win32
		{6D5947C2-9AFA-4A8D-A938-8656C0FCCAC8}.G1A Release|x86.Build.0 = G1A Release|Win32
		{6D5947C2-9AFA-4A8D-A938-8656C0FCCAC8}.G2 Debug|x86.ActiveCfg = G2 Debug|Win32
		{6D5947C2-9AFA-4A8D-A938-8656C0FCCAC8}.G2 Debug|x86.Build.0 = G2 Debug|Win32
		{6D5947C2-9AFA-4A8D-A938-8656C0FCCAC8}.G2 Release|x86.ActiveCfg = G2 Release|Win32
		{6D5947C2-9AFA-4A8D-A938-8656C0FCCAC8}.G2 Release|x86.Build.0 = G2 Release|Win32
		{6D5947C2-9AFA-4A8D-A938-8656C0FCCAC8}.G2A Debug|x86.ActiveCfg = G2A Debug|Win32
		{6D5947C2-9AFA-4A8D-A938-8656C0FCCAC8}.G2A Debug|x86.Build.0 = G2A Debug|Win32
		{6D5947C2-9AFA-4A8D-A938-8656C0FCCAC8}.G2A Release|x86.ActiveCfg = G2A Release|Win32
		{6D5947C2-9AFA-4A8D-A938-8656C0FCCAC8}.G2A Release|x86.Build.0 = G2A Release|Win32
		{6D5947C2-9AFA-4A8D-A938-8656C0FCCAC8}.Release|x86.ActiveCfg = Release|Win32
		{6D5947C2-9AFA-4A8D-A938-8656C0FCCAC8}.Release|x86.Build.0 = Release|Win32
		{6D5947C2-9AFA-4A8D-A938-8656C0FCCAC8}.Smith Unnamed Debug|x86.ActiveCfg = Debug|Win32
		{6D5947C2-9AFA-4A8D-A938-8656C0FCCAC8}.Smith Unnamed Debug|x86.Build.0 = Debug|Win32
		{96CEDAA8-FDD4-485B-BF64-7AA4CACCDA00}.Debug|x86.ActiveCfg = Debug|Win32
		{96CEDAA8-FDD4-485B-BF64-7AA4CACCDA00}.Debug|x86.Build.0 = Debug|Win32
		{96CEDAA8-FDD4-485B-BF64-7AA4CACCDA00}.G1 Debug|x86.ActiveCfg = G1 Debug|Win32
		{96CEDAA8-FDD4-485B-BF64-7AA4CACCDA00}.G1 Debug|x86.Build.0 = G1 Debug|Win32
		{96CEDAA8-FDD4-485B-BF64-7AA4CACCDA00}.G1 Release|x86.ActiveCfg = G1 Release|Win32
		{96CEDAA8-FDD4-485B-BF64-7AA4CACCDA00}.G1 Release|x86.Build.0 = G1 Release|Win32
		{96CEDAA8-FDD4-485B-BF64-7AA4CACCDA00}.G1A Debug|x86.ActiveCfg = G1A Debug|Win32
		{96CEDAA8-FDD4-485B-BF64-7AA4CACCDA00}.G1A Debug|x86.Build.0 = G1A Debug|Win32
		{96CEDAA8-FDD4-485B-BF64-7AA4CACCDA00}.G1A Release|x86.ActiveCfg = G1A Release|Win32
		{96CEDAA8-FDD4-485B-BF64-7AA4CACCDA00}.G1A Release|x86.Build.0 = G1A Release|Win32
		{96CEDAA8-FDD4-485B-BF64-7AA4CACCDA00}.G2 Debug|x86.ActiveCfg = G2 Debug|Win32
		{96CEDAA8-FDD4-485B-BF64-7AA4CACCDA00}.G2 Debug|x86.Build.0 = G2 Debug|Win32
		{96CEDAA8-FDD4-485B-BF64-7AA4CACCDA00}.G2 Release|x86.ActiveCfg = G2 Release|Win32
		{96CEDAA8-FDD4-485B-BF64-7AA4CACCDA00}.G2 Release|x86.Build.0 = G2 Release|Win32
		{96CEDAA8-FDD4-485B-BF64-7AA4CACCDA00}.G2A Debug|x86.ActiveCfg = G2A Debug|Win32
		{96CEDAA8-FDD4-485B-BF64-7AA4CACCDA00}.G2A Debug|x86.Build.0 = G2A Debug|Win32
		{96CEDAA8-FDD4-485B-BF64-7AA4CACCDA00}.G2A Release|x86.ActiveCfg = G2A Release|Win32
		{96CEDAA8-FDD4-485B-BF64-7AA4CACCDA00}.G2A Release|x86.Build.0 = G2A Release|Win32
		{96CEDAA8-FDD4-485B-BF64-7AA4CACCDA00}.Release|x86.ActiveCfg = Release|Win32
		{96CEDAA8-FDD4-485B-BF64-7AA4CACCDA00}.Release|x86.Build.0 = Release|Win32
		{96CEDAA8-FDD4-485B-BF64-7AA4CACCDA00}.Smith Unnamed Debug|x86.ActiveCfg = Debug|Win32
		{96CEDAA8-FDD4-485B-BF64-7AA4CACCDA00}.Smith Unnamed Debug|x86.Build.0 = Debug|Win32
		{CBE244C4-BED9-4F2A-AD0D-4271295ED51E}.Debug|x86.ActiveCfg = Debug|Win32
		{CBE244C4-BED9-4F2A-AD0D-4271295ED51E}.Debug|x86.Build.0 = Debug|Win32
		{CBE244C4-BED9-4F2A-AD0D-4271295ED51E}.G1 Debug|x86.ActiveCfg = G1 Debug|Win32
		{CBE244C4-BED9-4F2A-AD0D-4271295ED51E}.G1 Debug|x86.Build.0 = G1 Debug|Win32
		{CBE244C4-BED9-4F2A-AD0D-4271295ED51E}.G1 Release|x86.ActiveCfg = G1 Release|Win32
		{CBE244C4-BED9-4F2A-AD0D-4271295ED51E}.G1 Release|x86.Build.0 = G1 Release|Win32
		{CBE244C4-BED9-4F2A-AD0D-4271295ED51E}.G1A Debug|x86.ActiveCfg = G1A Debug|Win32
		{CBE244C4-BED9-4F2A-AD0D-4271295ED51E}.G1A Debug|x86.Build.0 = G1A Debug|Win32
		{CBE244C4-BED9-4F2A-AD0D-4271295ED51E}.G1A Release|x86.ActiveCfg = G1A Release|Win32
		{CBE244C4-BED9-4F2A-AD0D-4271295ED51E}.G1A Release|x86.Build.0 = G1A Release|Win32
		{CBE244C4-BED9-4F2A-AD0D-4271295ED51E}.G2 Debug|x86.ActiveCfg = G2 Debug|Win32
		{CBE244C4-BED9-4F2A-AD0D-4271295ED51E}.G2 Debug|x86.Build.0 = G2 Debug|Win32
		{CBE244C4-BED9-4F2A-AD0D-4271295ED51E}.G2 Release|x86.ActiveCfg = G2 Release|Win32
		{CBE244C4-BED9-4F2A-AD0D-4271295ED51E}.G2 Release|x86.Build.0 = G2 Release|Win32
		{CBE244C4-BED9-4F2A-AD0D-4271295ED51E}.G2A Debug|x86.ActiveCfg = G2A Debug|Win32
		{CBE244C4-BED9-4F2A-AD0D-4271295ED51E}.G2A Debug|x86.Build.0 = G2A Debug|Win32
		{CBE244C4-BED9-4F2A-AD0D-4271295ED51E}.G2A Release|x86.ActiveCfg = G2A Release|Win32
		{CBE244C4-BED9-4F2A-AD0D-4271295ED51E}.G2A Release|x86.Build.0 = G2A Release|Win32
		{CBE244C4-BED9-4F2A-AD0D-4271295ED51E}.Release|x86.ActiveCfg = Release|Win32
		{CBE244C4-BED9-4F2A-AD0D-4271295ED51E}.Release|x86.Build.0 = Release|Win32
		{CBE244C4-BED9-4F2A-AD0D-4271295ED51E}.Smith Unnamed Debug|x86.ActiveCfg = Debug|Win32
		{CBE244C4-BED9-4F2A-AD0D-4271295ED51E}.Smith Unnamed Debug|x86.Build.0 = Debug|Win32
		{F2C37C9E-FEC9-4C3F-B455-29D39AC15BC3}.Debug|x86.ActiveCfg = Debug|Win32
		{F2C37C9E-FEC9-4C3F-B455-29D39AC15BC3}.Debug|x86.Build.0 = Debug|Win32
		{F2C37C9E-FEC9-4C3F-B455-29D39AC15BC3}.G1 Debug|x86.ActiveCfg = G1 Debug|Win32
		{F2C37C9E-FEC9-4C3F-B455-29D39AC15BC3}.G1 Debug|x86.Build.0 = G1 Debug|Win32
		{F2C37C9E-FEC9-4C3F-B455-29D39AC15BC3}.G1 Release|x86.ActiveCfg = G1 Release|Win32
		{F2C37C9E-FEC9-4C3F-B455-29D39AC15BC3}.G1 Release|x86.Build.0 = G1 Release|Win32
		{F2C37C9E-FEC9-4C3F-B455-29D39AC15BC3}.G1A Debug|x86.ActiveCfg = G1A Debug|Win32
		{F2C37C9E-FEC9-4C3F-B455-29D39AC15BC3}.G1A Debug|x86.Build.0 = G1A Debug|Win32
		{F2C37C9E-FEC9-4C3F-B455-29D39AC15BC3}.G1A Release|x86.ActiveCfg = G1A Release|Win32
		{F2C37C9E-FEC9-4C3F-B455-29D39AC15BC3}.G1A Release|x86.Build.0 = G1A Release|Win32
		{F2C37C9E-FEC9-4C3F-B455-29D39AC15BC3}.G2 Debug|x86.ActiveCfg = G2 Debug|Win32
		{F2C37C9E-FEC9-4C3F-B455-29D39AC15BC3}.G2 Debug|x86.Build.0 = G2 Debug|Win32
		{F2C37C9E-FEC9-4C3F-B455-29D39AC15BC3}.G2 Release|x86.ActiveCfg = G2 Release|Win32
		{F2C37C9E-FEC9-4C3F-B455-29D39AC15BC3}.G2 Release|x86.Build.0 = G2 Release|Win32
		{F2C37C9E-FEC9-4C3F-B455-29D39AC15BC3}.G2A Debug|x86.ActiveCfg = G2A Debug|Win32
		{F2C37C9E-FEC9-4C3F-B455-29D39AC15BC3}.G2A Debug|x86.Build.0 = G2A Debug|Win32
		{F2C37C9E-FEC9-4C3F-B455-29D39AC15BC3}.G2A Release|x86.ActiveCfg = G2A Release|Win32
		{F2C37C9E-FEC9-4C3F-B455-29D39AC15BC3}.G2A Release|x86.Build.0 = G2A Release|Win32
		{F2C37C9E-FEC9-4C3F-B455-29D39AC15BC3}.Release|x86.ActiveCfg = Release|Win32
		{F2C37C9E-FEC9-4C3F-B455-29D39AC15BC3}.Release|x86.Build.0 = Release|Win32
		{F2C37C9E-FEC9-4C3F-B455-29D39AC15BC3}.Smith Unnamed Debug|x86.ActiveCfg = Debug|Win32
		{F2C37C9E-FEC9-4C3F-B455-29D39AC15BC3}.Smith Unnamed Debug|x86.Build.0 = Debug|Win32
		{6CC5A238-45F3-4425-BD03-621C77B2C068}.Debug|x86.ActiveCfg = Debug|Win32
		{6CC5A238-45F3-4425-BD03-621C77B2C068}.Debug|x86.Build.0 = Debug|Win32
		{6CC5A238-45F3-4425-BD03-621C77B2C068}.G1 Debug|x86.ActiveCfg = G1 Debug|Win32
		{6CC5A238-45F3-4425-BD03-621C77B2C068}.G1 Debug|x86.Build.0 = G1 Debug|Win32
		{6CC5A238-45F3-4425-BD03-621C77B2C068}.G1 Release|x86.ActiveCfg = G1 Release|Win32
		{6CC5A238-45F3-4425-BD03-621C77B2C068}.G1 Release|x86.Build.0 = G1 Release|Win32
		{6CC5A238-45F3-4425-BD03-621C77B2C068}.G1A Debug|x86.ActiveCfg = G1A Debug|Win32
		{6CC5A238-45F3-4425-BD03-621C77B2C068}.G1A Debug|x86.Build.0 = G1A Debug|Win32
		{6CC5A238-45F3-4425-BD03-621C77B2C068}.G1A Release|x86.ActiveCfg = G1A Release|Win32
		{6CC5A238-45F3-4425-BD03-621C77B2C068}.G1A Release|x86.Build.0 = G1A Release|Win32
		{6CC5A238-45F3-4425-BD03-621C77B2C068}.G2 Debug|x86.ActiveCfg = G2 Debug|Win32
		{6CC5A238-45F3-4425-BD03-621C77B2C068}.G2 Debug|x86.Build.0 = G2 Debug|Win32
		{6CC5A238-45F3-4425-BD03-621C77B2C068}.G2 Release|x86.ActiveCfg = G2 Release|Win32
		{6CC5A238-45F3-4425-BD03-621C77B2C068}.G2 Release|x86.Build.0 = G2 Release|Win32
		{6CC5A238-45F3-4425-BD03-621C77B2C068}.G2A Debug|x86.ActiveCfg = G2A Debug|Win32
		{6CC5A238-45F3-4425-BD03-621C77B2C068}.G2A Debug|x86.Build.0 = G2A Debug|Win32
		{6CC5A238-45F3-4425-BD03-621C77B2C068}.G2A Release|x86.ActiveCfg = G2A Release|Win32
		{6CC5A238-45F3-4425-BD03-621C77B2C068}.G2A Release|x86.Build.0 = G2A Release|Win32
		{6CC5A238-45F3-4425-BD03-621C77B2C068}.Release|x86.ActiveCfg = Release|Win32
		{6CC5A238-45F3-4425-BD03-621C77B2C068}.Release|x86.Build.0 = Release|Win32
		{6CC5A238-45F3-4425-BD03-621C77B2C068}.Smith Unnamed Debug|x86.ActiveCfg = Debug|Win32
		{6CC5A238-45F3-4425-BD03-621C77B2C068}.Smith Unnamed Debug|x86.Build.0 = Debug|Win32
	EndGlobalSection
	GlobalSection(SolutionProperties) = preSolution
		HideSolutionNode = FALSE
	EndGlobalSection
	GlobalSection(ExtensibilityGlobals) = postSolution
		SolutionGuid = {2117F289-5534-42CA-936E-1A435A686B8E}
	EndGlobalSection
EndGlobal
